// !$*UTF8*$!
{
	archiveVersion = 1;
	classes = {
	};
	objectVersion = 46;
	objects = {

/* Begin PBXBuildFile section */
		B607A0461BFB081900985011 /* AppDelegate.swift in Sources */ = {isa = PBXBuildFile; fileRef = B607A0451BFB081900985011 /* AppDelegate.swift */; };
		B607A0481BFB081900985011 /* MasterViewController.swift in Sources */ = {isa = PBXBuildFile; fileRef = B607A0471BFB081900985011 /* MasterViewController.swift */; };
		B607A04A1BFB081900985011 /* DetailViewController.swift in Sources */ = {isa = PBXBuildFile; fileRef = B607A0491BFB081900985011 /* DetailViewController.swift */; };
		B607A04D1BFB081900985011 /* Main.storyboard in Resources */ = {isa = PBXBuildFile; fileRef = B607A04B1BFB081900985011 /* Main.storyboard */; };
		B607A04F1BFB081900985011 /* Assets.xcassets in Resources */ = {isa = PBXBuildFile; fileRef = B607A04E1BFB081900985011 /* Assets.xcassets */; };
		B607A0521BFB081900985011 /* LaunchScreen.storyboard in Resources */ = {isa = PBXBuildFile; fileRef = B607A0501BFB081900985011 /* LaunchScreen.storyboard */; };
		B607A05D1BFB081900985011 /* ListAppTests.swift in Sources */ = {isa = PBXBuildFile; fileRef = B607A05C1BFB081900985011 /* ListAppTests.swift */; };
		B607A0681BFB081900985011 /* ListAppUITests.swift in Sources */ = {isa = PBXBuildFile; fileRef = B607A0671BFB081900985011 /* ListAppUITests.swift */; };
/* End PBXBuildFile section */

/* Begin PBXContainerItemProxy section */
		B607A0591BFB081900985011 /* PBXContainerItemProxy */ = {
			isa = PBXContainerItemProxy;
			containerPortal = B607A03A1BFB081800985011 /* Project object */;
			proxyType = 1;
			remoteGlobalIDString = B607A0411BFB081800985011;
			remoteInfo = ListApp;
		};
		B607A0641BFB081900985011 /* PBXContainerItemProxy */ = {
			isa = PBXContainerItemProxy;
			containerPortal = B607A03A1BFB081800985011 /* Project object */;
			proxyType = 1;
			remoteGlobalIDString = B607A0411BFB081800985011;
			remoteInfo = ListApp;
		};
/* End PBXContainerItemProxy section */

/* Begin PBXFileReference section */
		B607A0421BFB081900985011 /* ListApp.app */ = {isa = PBXFileReference; explicitFileType = wrapper.application; includeInIndex = 0; path = ListApp.app; sourceTree = BUILT_PRODUCTS_DIR; };
		B607A0451BFB081900985011 /* AppDelegate.swift */ = {isa = PBXFileReference; lastKnownFileType = sourcecode.swift; path = AppDelegate.swift; sourceTree = "<group>"; };
		B607A0471BFB081900985011 /* MasterViewController.swift */ = {isa = PBXFileReference; lastKnownFileType = sourcecode.swift; path = MasterViewController.swift; sourceTree = "<group>"; };
		B607A0491BFB081900985011 /* DetailViewController.swift */ = {isa = PBXFileReference; lastKnownFileType = sourcecode.swift; path = DetailViewController.swift; sourceTree = "<group>"; };
		B607A04C1BFB081900985011 /* Base */ = {isa = PBXFileReference; lastKnownFileType = file.storyboard; name = Base; path = Base.lproj/Main.storyboard; sourceTree = "<group>"; };
		B607A04E1BFB081900985011 /* Assets.xcassets */ = {isa = PBXFileReference; lastKnownFileType = folder.assetcatalog; path = Assets.xcassets; sourceTree = "<group>"; };
		B607A0511BFB081900985011 /* Base */ = {isa = PBXFileReference; lastKnownFileType = file.storyboard; name = Base; path = Base.lproj/LaunchScreen.storyboard; sourceTree = "<group>"; };
		B607A0531BFB081900985011 /* Info.plist */ = {isa = PBXFileReference; lastKnownFileType = text.plist.xml; path = Info.plist; sourceTree = "<group>"; };
		B607A0581BFB081900985011 /* ListAppTests.xctest */ = {isa = PBXFileReference; explicitFileType = wrapper.cfbundle; includeInIndex = 0; path = ListAppTests.xctest; sourceTree = BUILT_PRODUCTS_DIR; };
		B607A05C1BFB081900985011 /* ListAppTests.swift */ = {isa = PBXFileReference; lastKnownFileType = sourcecode.swift; path = ListAppTests.swift; sourceTree = "<group>"; };
		B607A05E1BFB081900985011 /* Info.plist */ = {isa = PBXFileReference; lastKnownFileType = text.plist.xml; path = Info.plist; sourceTree = "<group>"; };
		B607A0631BFB081900985011 /* ListAppUITests.xctest */ = {isa = PBXFileReference; explicitFileType = wrapper.cfbundle; includeInIndex = 0; path = ListAppUITests.xctest; sourceTree = BUILT_PRODUCTS_DIR; };
		B607A0671BFB081900985011 /* ListAppUITests.swift */ = {isa = PBXFileReference; lastKnownFileType = sourcecode.swift; path = ListAppUITests.swift; sourceTree = "<group>"; };
		B607A0691BFB081900985011 /* Info.plist */ = {isa = PBXFileReference; lastKnownFileType = text.plist.xml; path = Info.plist; sourceTree = "<group>"; };
/* End PBXFileReference section */

/* Begin PBXFrameworksBuildPhase section */
		B607A03F1BFB081800985011 /* Frameworks */ = {
			isa = PBXFrameworksBuildPhase;
			buildActionMask = 2147483647;
			files = (
			);
			runOnlyForDeploymentPostprocessing = 0;
		};
		B607A0551BFB081900985011 /* Frameworks */ = {
			isa = PBXFrameworksBuildPhase;
			buildActionMask = 2147483647;
			files = (
			);
			runOnlyForDeploymentPostprocessing = 0;
		};
		B607A0601BFB081900985011 /* Frameworks */ = {
			isa = PBXFrameworksBuildPhase;
			buildActionMask = 2147483647;
			files = (
			);
			runOnlyForDeploymentPostprocessing = 0;
		};
/* End PBXFrameworksBuildPhase section */

/* Begin PBXGroup section */
		B607A0391BFB081800985011 = {
			isa = PBXGroup;
			children = (
				B607A0441BFB081900985011 /* ListApp */,
				B607A05B1BFB081900985011 /* ListAppTests */,
				B607A0661BFB081900985011 /* ListAppUITests */,
				B607A0431BFB081900985011 /* Products */,
			);
			sourceTree = "<group>";
		};
		B607A0431BFB081900985011 /* Products */ = {
			isa = PBXGroup;
			children = (
				B607A0421BFB081900985011 /* ListApp.app */,
				B607A0581BFB081900985011 /* ListAppTests.xctest */,
				B607A0631BFB081900985011 /* ListAppUITests.xctest */,
			);
			name = Products;
			sourceTree = "<group>";
		};
		B607A0441BFB081900985011 /* ListApp */ = {
			isa = PBXGroup;
			children = (
				B607A0451BFB081900985011 /* AppDelegate.swift */,
				B607A0471BFB081900985011 /* MasterViewController.swift */,
				B607A0491BFB081900985011 /* DetailViewController.swift */,
				B607A04B1BFB081900985011 /* Main.storyboard */,
				B607A04E1BFB081900985011 /* Assets.xcassets */,
				B607A0501BFB081900985011 /* LaunchScreen.storyboard */,
				B607A0531BFB081900985011 /* Info.plist */,
			);
			path = ListApp;
			sourceTree = "<group>";
		};
		B607A05B1BFB081900985011 /* ListAppTests */ = {
			isa = PBXGroup;
			children = (
				B607A05C1BFB081900985011 /* ListAppTests.swift */,
				B607A05E1BFB081900985011 /* Info.plist */,
			);
			path = ListAppTests;
			sourceTree = "<group>";
		};
		B607A0661BFB081900985011 /* ListAppUITests */ = {
			isa = PBXGroup;
			children = (
				B607A0671BFB081900985011 /* ListAppUITests.swift */,
				B607A0691BFB081900985011 /* Info.plist */,
			);
			path = ListAppUITests;
			sourceTree = "<group>";
		};
/* End PBXGroup section */

/* Begin PBXNativeTarget section */
		B607A0411BFB081800985011 /* ListApp */ = {
			isa = PBXNativeTarget;
			buildConfigurationList = B607A06C1BFB081900985011 /* Build configuration list for PBXNativeTarget "ListApp" */;
			buildPhases = (
				B607A03E1BFB081800985011 /* Sources */,
				B607A03F1BFB081800985011 /* Frameworks */,
				B607A0401BFB081800985011 /* Resources */,
			);
			buildRules = (
			);
			dependencies = (
			);
			name = ListApp;
			productName = ListApp;
			productReference = B607A0421BFB081900985011 /* ListApp.app */;
			productType = "com.apple.product-type.application";
		};
		B607A0571BFB081900985011 /* ListAppTests */ = {
			isa = PBXNativeTarget;
			buildConfigurationList = B607A06F1BFB081900985011 /* Build configuration list for PBXNativeTarget "ListAppTests" */;
			buildPhases = (
				B607A0541BFB081900985011 /* Sources */,
				B607A0551BFB081900985011 /* Frameworks */,
				B607A0561BFB081900985011 /* Resources */,
			);
			buildRules = (
			);
			dependencies = (
				B607A05A1BFB081900985011 /* PBXTargetDependency */,
			);
			name = ListAppTests;
			productName = ListAppTests;
			productReference = B607A0581BFB081900985011 /* ListAppTests.xctest */;
			productType = "com.apple.product-type.bundle.unit-test";
		};
		B607A0621BFB081900985011 /* ListAppUITests */ = {
			isa = PBXNativeTarget;
			buildConfigurationList = B607A0721BFB081900985011 /* Build configuration list for PBXNativeTarget "ListAppUITests" */;
			buildPhases = (
				B607A05F1BFB081900985011 /* Sources */,
				B607A0601BFB081900985011 /* Frameworks */,
				B607A0611BFB081900985011 /* Resources */,
			);
			buildRules = (
			);
			dependencies = (
				B607A0651BFB081900985011 /* PBXTargetDependency */,
			);
			name = ListAppUITests;
			productName = ListAppUITests;
			productReference = B607A0631BFB081900985011 /* ListAppUITests.xctest */;
			productType = "com.apple.product-type.bundle.ui-testing";
		};
/* End PBXNativeTarget section */

/* Begin PBXProject section */
		B607A03A1BFB081800985011 /* Project object */ = {
			isa = PBXProject;
			attributes = {
				LastSwiftUpdateCheck = 0710;
				LastUpgradeCheck = 0710;
				ORGANIZATIONNAME = Yuki;
				TargetAttributes = {
					B607A0411BFB081800985011 = {
						CreatedOnToolsVersion = 7.1.1;
					};
					B607A0571BFB081900985011 = {
						CreatedOnToolsVersion = 7.1.1;
						TestTargetID = B607A0411BFB081800985011;
					};
					B607A0621BFB081900985011 = {
						CreatedOnToolsVersion = 7.1.1;
						TestTargetID = B607A0411BFB081800985011;
					};
				};
			};
			buildConfigurationList = B607A03D1BFB081800985011 /* Build configuration list for PBXProject "ListApp" */;
			compatibilityVersion = "Xcode 3.2";
			developmentRegion = English;
			hasScannedForEncodings = 0;
			knownRegions = (
				en,
				Base,
			);
			mainGroup = B607A0391BFB081800985011;
			productRefGroup = B607A0431BFB081900985011 /* Products */;
			projectDirPath = "";
			projectRoot = "";
			targets = (
				B607A0411BFB081800985011 /* ListApp */,
				B607A0571BFB081900985011 /* ListAppTests */,
				B607A0621BFB081900985011 /* ListAppUITests */,
			);
		};
/* End PBXProject section */

/* Begin PBXResourcesBuildPhase section */
		B607A0401BFB081800985011 /* Resources */ = {
			isa = PBXResourcesBuildPhase;
			buildActionMask = 2147483647;
			files = (
				B607A0521BFB081900985011 /* LaunchScreen.storyboard in Resources */,
				B607A04F1BFB081900985011 /* Assets.xcassets in Resources */,
				B607A04D1BFB081900985011 /* Main.storyboard in Resources */,
			);
			runOnlyForDeploymentPostprocessing = 0;
		};
		B607A0561BFB081900985011 /* Resources */ = {
			isa = PBXResourcesBuildPhase;
			buildActionMask = 2147483647;
			files = (
			);
			runOnlyForDeploymentPostprocessing = 0;
		};
		B607A0611BFB081900985011 /* Resources */ = {
			isa = PBXResourcesBuildPhase;
			buildActionMask = 2147483647;
			files = (
			);
			runOnlyForDeploymentPostprocessing = 0;
		};
/* End PBXResourcesBuildPhase section */

/* Begin PBXSourcesBuildPhase section */
		B607A03E1BFB081800985011 /* Sources */ = {
			isa = PBXSourcesBuildPhase;
			buildActionMask = 2147483647;
			files = (
				B607A04A1BFB081900985011 /* DetailViewController.swift in Sources */,
				B607A0481BFB081900985011 /* MasterViewController.swift in Sources */,
				B607A0461BFB081900985011 /* AppDelegate.swift in Sources */,
			);
			runOnlyForDeploymentPostprocessing = 0;
		};
		B607A0541BFB081900985011 /* Sources */ = {
			isa = PBXSourcesBuildPhase;
			buildActionMask = 2147483647;
			files = (
				B607A05D1BFB081900985011 /* ListAppTests.swift in Sources */,
			);
			runOnlyForDeploymentPostprocessing = 0;
		};
		B607A05F1BFB081900985011 /* Sources */ = {
			isa = PBXSourcesBuildPhase;
			buildActionMask = 2147483647;
			files = (
				B607A0681BFB081900985011 /* ListAppUITests.swift in Sources */,
			);
			runOnlyForDeploymentPostprocessing = 0;
		};
/* End PBXSourcesBuildPhase section */

/* Begin PBXTargetDependency section */
		B607A05A1BFB081900985011 /* PBXTargetDependency */ = {
			isa = PBXTargetDependency;
			target = B607A0411BFB081800985011 /* ListApp */;
			targetProxy = B607A0591BFB081900985011 /* PBXContainerItemProxy */;
		};
		B607A0651BFB081900985011 /* PBXTargetDependency */ = {
			isa = PBXTargetDependency;
			target = B607A0411BFB081800985011 /* ListApp */;
			targetProxy = B607A0641BFB081900985011 /* PBXContainerItemProxy */;
		};
/* End PBXTargetDependency section */

/* Begin PBXVariantGroup section */
		B607A04B1BFB081900985011 /* Main.storyboard */ = {
			isa = PBXVariantGroup;
			children = (
				B607A04C1BFB081900985011 /* Base */,
			);
			name = Main.storyboard;
			sourceTree = "<group>";
		};
		B607A0501BFB081900985011 /* LaunchScreen.storyboard */ = {
			isa = PBXVariantGroup;
			children = (
				B607A0511BFB081900985011 /* Base */,
			);
			name = LaunchScreen.storyboard;
			sourceTree = "<group>";
		};
/* End PBXVariantGroup section */

/* Begin XCBuildConfiguration section */
		B607A06A1BFB081900985011 /* Debug */ = {
			isa = XCBuildConfiguration;
			buildSettings = {
				ALWAYS_SEARCH_USER_PATHS = NO;
				CLANG_CXX_LANGUAGE_STANDARD = "gnu++0x";
				CLANG_CXX_LIBRARY = "libc++";
				CLANG_ENABLE_MODULES = YES;
				CLANG_ENABLE_OBJC_ARC = YES;
				CLANG_WARN_BOOL_CONVERSION = YES;
				CLANG_WARN_CONSTANT_CONVERSION = YES;
				CLANG_WARN_DIRECT_OBJC_ISA_USAGE = YES_ERROR;
				CLANG_WARN_EMPTY_BODY = YES;
				CLANG_WARN_ENUM_CONVERSION = YES;
				CLANG_WARN_INT_CONVERSION = YES;
				CLANG_WARN_OBJC_ROOT_CLASS = YES_ERROR;
				CLANG_WARN_UNREACHABLE_CODE = YES;
				CLANG_WARN__DUPLICATE_METHOD_MATCH = YES;
				"CODE_SIGN_IDENTITY[sdk=iphoneos*]" = "iPhone Developer";
				COPY_PHASE_STRIP = NO;
				DEBUG_INFORMATION_FORMAT = dwarf;
				ENABLE_STRICT_OBJC_MSGSEND = YES;
				ENABLE_TESTABILITY = YES;
				GCC_C_LANGUAGE_STANDARD = gnu99;
				GCC_DYNAMIC_NO_PIC = NO;
				GCC_NO_COMMON_BLOCKS = YES;
				GCC_OPTIMIZATION_LEVEL = 0;
				GCC_PREPROCESSOR_DEFINITIONS = (
					"DEBUG=1",
					"$(inherited)",
				);
				GCC_WARN_64_TO_32_BIT_CONVERSION = YES;
				GCC_WARN_ABOUT_RETURN_TYPE = YES_ERROR;
				GCC_WARN_UNDECLARED_SELECTOR = YES;
				GCC_WARN_UNINITIALIZED_AUTOS = YES_AGGRESSIVE;
				GCC_WARN_UNUSED_FUNCTION = YES;
				GCC_WARN_UNUSED_VARIABLE = YES;
				IPHONEOS_DEPLOYMENT_TARGET = 9.1;
				MTL_ENABLE_DEBUG_INFO = YES;
				ONLY_ACTIVE_ARCH = YES;
				SDKROOT = iphoneos;
				SWIFT_OPTIMIZATION_LEVEL = "-Onone";
			};
			name = Debug;
		};
		B607A06B1BFB081900985011 /* Release */ = {
			isa = XCBuildConfiguration;
			buildSettings = {
				ALWAYS_SEARCH_USER_PATHS = NO;
				CLANG_CXX_LANGUAGE_STANDARD = "gnu++0x";
				CLANG_CXX_LIBRARY = "libc++";
				CLANG_ENABLE_MODULES = YES;
				CLANG_ENABLE_OBJC_ARC = YES;
				CLANG_WARN_BOOL_CONVERSION = YES;
				CLANG_WARN_CONSTANT_CONVERSION = YES;
				CLANG_WARN_DIRECT_OBJC_ISA_USAGE = YES_ERROR;
				CLANG_WARN_EMPTY_BODY = YES;
				CLANG_WARN_ENUM_CONVERSION = YES;
				CLANG_WARN_INT_CONVERSION = YES;
				CLANG_WARN_OBJC_ROOT_CLASS = YES_ERROR;
				CLANG_WARN_UNREACHABLE_CODE = YES;
				CLANG_WARN__DUPLICATE_METHOD_MATCH = YES;
				"CODE_SIGN_IDENTITY[sdk=iphoneos*]" = "iPhone Developer";
				COPY_PHASE_STRIP = NO;
				DEBUG_INFORMATION_FORMAT = "dwarf-with-dsym";
				ENABLE_NS_ASSERTIONS = NO;
				ENABLE_STRICT_OBJC_MSGSEND = YES;
				GCC_C_LANGUAGE_STANDARD = gnu99;
				GCC_NO_COMMON_BLOCKS = YES;
				GCC_WARN_64_TO_32_BIT_CONVERSION = YES;
				GCC_WARN_ABOUT_RETURN_TYPE = YES_ERROR;
				GCC_WARN_UNDECLARED_SELECTOR = YES;
				GCC_WARN_UNINITIALIZED_AUTOS = YES_AGGRESSIVE;
				GCC_WARN_UNUSED_FUNCTION = YES;
				GCC_WARN_UNUSED_VARIABLE = YES;
				IPHONEOS_DEPLOYMENT_TARGET = 9.1;
				MTL_ENABLE_DEBUG_INFO = NO;
				SDKROOT = iphoneos;
				VALIDATE_PRODUCT = YES;
			};
			name = Release;
		};
		B607A06D1BFB081900985011 /* Debug */ = {
			isa = XCBuildConfiguration;
			buildSettings = {
				ASSETCATALOG_COMPILER_APPICON_NAME = AppIcon;
				INFOPLIST_FILE = ListApp/Info.plist;
				LD_RUNPATH_SEARCH_PATHS = "$(inherited) @executable_path/Frameworks";
				PRODUCT_BUNDLE_IDENTIFIER = jp.classmethod.ListApp;
				PRODUCT_NAME = "$(TARGET_NAME)";
			};
			name = Debug;
		};
		B607A06E1BFB081900985011 /* Release */ = {
			isa = XCBuildConfiguration;
			buildSettings = {
				ASSETCATALOG_COMPILER_APPICON_NAME = AppIcon;
				INFOPLIST_FILE = ListApp/Info.plist;
				LD_RUNPATH_SEARCH_PATHS = "$(inherited) @executable_path/Frameworks";
				PRODUCT_BUNDLE_IDENTIFIER = jp.classmethod.ListApp;
				PRODUCT_NAME = "$(TARGET_NAME)";
			};
			name = Release;
		};
		B607A0701BFB081900985011 /* Debug */ = {
			isa = XCBuildConfiguration;
			buildSettings = {
				BUNDLE_LOADER = "$(TEST_HOST)";
				INFOPLIST_FILE = ListAppTests/Info.plist;
				LD_RUNPATH_SEARCH_PATHS = "$(inherited) @executable_path/Frameworks @loader_path/Frameworks";
				PRODUCT_BUNDLE_IDENTIFIER = jp.classmethod.ListAppTests;
				PRODUCT_NAME = "$(TARGET_NAME)";
				TEST_HOST = "$(BUILT_PRODUCTS_DIR)/ListApp.app/ListApp";
			};
			name = Debug;
		};
		B607A0711BFB081900985011 /* Release */ = {
			isa = XCBuildConfiguration;
			buildSettings = {
				BUNDLE_LOADER = "$(TEST_HOST)";
				INFOPLIST_FILE = ListAppTests/Info.plist;
				LD_RUNPATH_SEARCH_PATHS = "$(inherited) @executable_path/Frameworks @loader_path/Frameworks";
				PRODUCT_BUNDLE_IDENTIFIER = jp.classmethod.ListAppTests;
				PRODUCT_NAME = "$(TARGET_NAME)";
				TEST_HOST = "$(BUILT_PRODUCTS_DIR)/ListApp.app/ListApp";
			};
			name = Release;
		};
		B607A0731BFB081900985011 /* Debug */ = {
			isa = XCBuildConfiguration;
			buildSettings = {
				INFOPLIST_FILE = ListAppUITests/Info.plist;
				LD_RUNPATH_SEARCH_PATHS = "$(inherited) @executable_path/Frameworks @loader_path/Frameworks";
				PRODUCT_BUNDLE_IDENTIFIER = jp.classmethod.ListAppUITests;
				PRODUCT_NAME = "$(TARGET_NAME)";
				TEST_TARGET_NAME = ListApp;
				USES_XCTRUNNER = YES;
			};
			name = Debug;
		};
		B607A0741BFB081900985011 /* Release */ = {
			isa = XCBuildConfiguration;
			buildSettings = {
				INFOPLIST_FILE = ListAppUITests/Info.plist;
				LD_RUNPATH_SEARCH_PATHS = "$(inherited) @executable_path/Frameworks @loader_path/Frameworks";
				PRODUCT_BUNDLE_IDENTIFIER = jp.classmethod.ListAppUITests;
				PRODUCT_NAME = "$(TARGET_NAME)";
				TEST_TARGET_NAME = ListApp;
				USES_XCTRUNNER = YES;
			};
			name = Release;
		};
/* End XCBuildConfiguration section */

/* Begin XCConfigurationList section */
		B607A03D1BFB081800985011 /* Build configuration list for PBXProject "ListApp" */ = {
			isa = XCConfigurationList;
			buildConfigurations = (
				B607A06A1BFB081900985011 /* Debug */,
				B607A06B1BFB081900985011 /* Release */,
			);
			defaultConfigurationIsVisible = 0;
			defaultConfigurationName = Release;
		};
		B607A06C1BFB081900985011 /* Build configuration list for PBXNativeTarget "ListApp" */ = {
			isa = XCConfigurationList;
			buildConfigurations = (
				B607A06D1BFB081900985011 /* Debug */,
				B607A06E1BFB081900985011 /* Release */,
			);
			defaultConfigurationIsVisible = 0;
		};
		B607A06F1BFB081900985011 /* Build configuration list for PBXNativeTarget "ListAppTests" */ = {
			isa = XCConfigurationList;
			buildConfigurations = (
				B607A0701BFB081900985011 /* Debug */,
				B607A0711BFB081900985011 /* Release */,
			);
			defaultConfigurationIsVisible = 0;
		};
		B607A0721BFB081900985011 /* Build configuration list for PBXNativeTarget "ListAppUITests" */ = {
			isa = XCConfigurationList;
			buildConfigurations = (
				B607A0731BFB081900985011 /* Debug */,
				B607A0741BFB081900985011 /* Release */,
			);
			defaultConfigurationIsVisible = 0;
		};
/* End XCConfigurationList section */
	};
	rootObject = B607A03A1BFB081800985011 /* Project object */;
}
